
Microsoft Visual Studio Solution File, Format Version 12.00
# Visual Studio Version 17
VisualStudioVersion = 17.13.35825.156 d17.13
MinimumVisualStudioVersion = 10.0.40219.1
Project("{FAE04EC0-301F-11D3-BF4B-00C04F79EFBC}") = "Sort Selection", "Sort Selection\Sort Selection.csproj", "{6E55288B-CEDA-4D1C-AFB4-E5FA29E9F9EA}"
EndProject
Global
	GlobalSection(SolutionConfigurationPlatforms) = preSolution
		Debug|Any CPU = Debug|Any CPU
		Release|Any CPU = Release|Any CPU
	EndGlobalSection
	GlobalSection(ProjectConfigurationPlatforms) = postSolution
		{6E55288B-CEDA-4D1C-AFB4-E5FA29E9F9EA}.Debug|Any CPU.ActiveCfg = Debug|Any CPU
		{6E55288B-CEDA-4D1C-AFB4-E5FA29E9F9EA}.Debug|Any CPU.Build.0 = Debug|Any CPU
		{6E55288B-CEDA-4D1C-AFB4-E5FA29E9F9EA}.Release|Any CPU.ActiveCfg = Release|Any CPU
		{6E55288B-CEDA-4D1C-AFB4-E5FA29E9F9EA}.Release|Any CPU.Build.0 = Release|Any CPU
	EndGlobalSection
	GlobalSection(SolutionProperties) = preSolution
		HideSolutionNode = FALSE
	EndGlobalSection
	GlobalSection(ExtensibilityGlobals) = postSolution
		SolutionGuid = {C66C4C49-BD47-4E31-BAFE-D382E696299C}
	EndGlobalSection
EndGlobal
