
Microsoft Visual Studio Solution File, Format Version 12.00
# Visual Studio Version 17
VisualStudioVersion = 17.13.35825.156 d17.13
MinimumVisualStudioVersion = 10.0.40219.1
Project("{FAE04EC0-301F-11D3-BF4B-00C04F79EFBC}") = "Binary Search", "Binary Search\Binary Search.csproj", "{6245F011-417B-4B9B-9991-112C7B3B590E}"
EndProject
Global
	GlobalSection(SolutionConfigurationPlatforms) = preSolution
		Debug|Any CPU = Debug|Any CPU
		Release|Any CPU = Release|Any CPU
	EndGlobalSection
	GlobalSection(ProjectConfigurationPlatforms) = postSolution
		{6245F011-417B-4B9B-9991-112C7B3B590E}.Debug|Any CPU.ActiveCfg = Debug|Any CPU
		{6245F011-417B-4B9B-9991-112C7B3B590E}.Debug|Any CPU.Build.0 = Debug|Any CPU
		{6245F011-417B-4B9B-9991-112C7B3B590E}.Release|Any CPU.ActiveCfg = Release|Any CPU
		{6245F011-417B-4B9B-9991-112C7B3B590E}.Release|Any CPU.Build.0 = Release|Any CPU
	EndGlobalSection
	GlobalSection(SolutionProperties) = preSolution
		HideSolutionNode = FALSE
	EndGlobalSection
	GlobalSection(ExtensibilityGlobals) = postSolution
		SolutionGuid = {6B7C015F-BAE1-4838-80AF-4C1700504BE8}
	EndGlobalSection
EndGlobal
