
Microsoft Visual Studio Solution File, Format Version 12.00
# Visual Studio Version 17
VisualStudioVersion = 17.13.35825.156 d17.13
MinimumVisualStudioVersion = 10.0.40219.1
Project("{FAE04EC0-301F-11D3-BF4B-00C04F79EFBC}") = "Anagram Check", "Anagram Check\Anagram Check.csproj", "{A1C26791-93BF-4EBC-B3C1-7CA7996C8D03}"
EndProject
Global
	GlobalSection(SolutionConfigurationPlatforms) = preSolution
		Debug|Any CPU = Debug|Any CPU
		Release|Any CPU = Release|Any CPU
	EndGlobalSection
	GlobalSection(ProjectConfigurationPlatforms) = postSolution
		{A1C26791-93BF-4EBC-B3C1-7CA7996C8D03}.Debug|Any CPU.ActiveCfg = Debug|Any CPU
		{A1C26791-93BF-4EBC-B3C1-7CA7996C8D03}.Debug|Any CPU.Build.0 = Debug|Any CPU
		{A1C26791-93BF-4EBC-B3C1-7CA7996C8D03}.Release|Any CPU.ActiveCfg = Release|Any CPU
		{A1C26791-93BF-4EBC-B3C1-7CA7996C8D03}.Release|Any CPU.Build.0 = Release|Any CPU
	EndGlobalSection
	GlobalSection(SolutionProperties) = preSolution
		HideSolutionNode = FALSE
	EndGlobalSection
	GlobalSection(ExtensibilityGlobals) = postSolution
		SolutionGuid = {29A190BC-1836-441F-9FB9-2EB12E8DF071}
	EndGlobalSection
EndGlobal
