
Microsoft Visual Studio Solution File, Format Version 12.00
# Visual Studio Version 17
VisualStudioVersion = 17.13.35825.156 d17.13
MinimumVisualStudioVersion = 10.0.40219.1
Project("{FAE04EC0-301F-11D3-BF4B-00C04F79EFBC}") = "Sort Insertion", "Sort Insertion\Sort Insertion.csproj", "{C04B2C58-246B-42F4-8293-C1DF020F6160}"
EndProject
Global
	GlobalSection(SolutionConfigurationPlatforms) = preSolution
		Debug|Any CPU = Debug|Any CPU
		Release|Any CPU = Release|Any CPU
	EndGlobalSection
	GlobalSection(ProjectConfigurationPlatforms) = postSolution
		{C04B2C58-246B-42F4-8293-C1DF020F6160}.Debug|Any CPU.ActiveCfg = Debug|Any CPU
		{C04B2C58-246B-42F4-8293-C1DF020F6160}.Debug|Any CPU.Build.0 = Debug|Any CPU
		{C04B2C58-246B-42F4-8293-C1DF020F6160}.Release|Any CPU.ActiveCfg = Release|Any CPU
		{C04B2C58-246B-42F4-8293-C1DF020F6160}.Release|Any CPU.Build.0 = Release|Any CPU
	EndGlobalSection
	GlobalSection(SolutionProperties) = preSolution
		HideSolutionNode = FALSE
	EndGlobalSection
	GlobalSection(ExtensibilityGlobals) = postSolution
		SolutionGuid = {009E52BC-56E3-40F2-87A4-28D1B3149F05}
	EndGlobalSection
EndGlobal
