
Microsoft Visual Studio Solution File, Format Version 12.00
# Visual Studio Version 17
VisualStudioVersion = 17.13.35825.156 d17.13
MinimumVisualStudioVersion = 10.0.40219.1
Project("{FAE04EC0-301F-11D3-BF4B-00C04F79EFBC}") = "OOP Create Class", "OOP Create Class\OOP Create Class.csproj", "{46E4D8BA-1A94-4830-98A1-9CCED6B234FD}"
EndProject
Global
	GlobalSection(SolutionConfigurationPlatforms) = preSolution
		Debug|Any CPU = Debug|Any CPU
		Release|Any CPU = Release|Any CPU
	EndGlobalSection
	GlobalSection(ProjectConfigurationPlatforms) = postSolution
		{46E4D8BA-1A94-4830-98A1-9CCED6B234FD}.Debug|Any CPU.ActiveCfg = Debug|Any CPU
		{46E4D8BA-1A94-4830-98A1-9CCED6B234FD}.Debug|Any CPU.Build.0 = Debug|Any CPU
		{46E4D8BA-1A94-4830-98A1-9CCED6B234FD}.Release|Any CPU.ActiveCfg = Release|Any CPU
		{46E4D8BA-1A94-4830-98A1-9CCED6B234FD}.Release|Any CPU.Build.0 = Release|Any CPU
	EndGlobalSection
	GlobalSection(SolutionProperties) = preSolution
		HideSolutionNode = FALSE
	EndGlobalSection
	GlobalSection(ExtensibilityGlobals) = postSolution
		SolutionGuid = {6B3E629D-4C53-42F2-98BD-5B013575916C}
	EndGlobalSection
EndGlobal
