
Microsoft Visual Studio Solution File, Format Version 12.00
# Visual Studio Version 17
VisualStudioVersion = 17.13.35825.156 d17.13
MinimumVisualStudioVersion = 10.0.40219.1
Project("{FAE04EC0-301F-11D3-BF4B-00C04F79EFBC}") = "IsPrime", "IsPrime\IsPrime.csproj", "{CC194D19-937F-45A9-8EF9-26ACBDC09E9C}"
EndProject
Global
	GlobalSection(SolutionConfigurationPlatforms) = preSolution
		Debug|Any CPU = Debug|Any CPU
		Release|Any CPU = Release|Any CPU
	EndGlobalSection
	GlobalSection(ProjectConfigurationPlatforms) = postSolution
		{CC194D19-937F-45A9-8EF9-26ACBDC09E9C}.Debug|Any CPU.ActiveCfg = Debug|Any CPU
		{CC194D19-937F-45A9-8EF9-26ACBDC09E9C}.Debug|Any CPU.Build.0 = Debug|Any CPU
		{CC194D19-937F-45A9-8EF9-26ACBDC09E9C}.Release|Any CPU.ActiveCfg = Release|Any CPU
		{CC194D19-937F-45A9-8EF9-26ACBDC09E9C}.Release|Any CPU.Build.0 = Release|Any CPU
	EndGlobalSection
	GlobalSection(SolutionProperties) = preSolution
		HideSolutionNode = FALSE
	EndGlobalSection
	GlobalSection(ExtensibilityGlobals) = postSolution
		SolutionGuid = {B2FB2C17-2647-4B4A-A95E-487365EB3644}
	EndGlobalSection
EndGlobal
