
Microsoft Visual Studio Solution File, Format Version 12.00
# Visual Studio Version 17
VisualStudioVersion = 17.13.35825.156 d17.13
MinimumVisualStudioVersion = 10.0.40219.1
Project("{FAE04EC0-301F-11D3-BF4B-00C04F79EFBC}") = "Pallindrome Check", "Pallindrome Check\Pallindrome Check.csproj", "{23FBE9F6-AAAF-4276-BC05-F8D2F5A6AD33}"
EndProject
Global
	GlobalSection(SolutionConfigurationPlatforms) = preSolution
		Debug|Any CPU = Debug|Any CPU
		Release|Any CPU = Release|Any CPU
	EndGlobalSection
	GlobalSection(ProjectConfigurationPlatforms) = postSolution
		{23FBE9F6-AAAF-4276-BC05-F8D2F5A6AD33}.Debug|Any CPU.ActiveCfg = Debug|Any CPU
		{23FBE9F6-AAAF-4276-BC05-F8D2F5A6AD33}.Debug|Any CPU.Build.0 = Debug|Any CPU
		{23FBE9F6-AAAF-4276-BC05-F8D2F5A6AD33}.Release|Any CPU.ActiveCfg = Release|Any CPU
		{23FBE9F6-AAAF-4276-BC05-F8D2F5A6AD33}.Release|Any CPU.Build.0 = Release|Any CPU
	EndGlobalSection
	GlobalSection(SolutionProperties) = preSolution
		HideSolutionNode = FALSE
	EndGlobalSection
	GlobalSection(ExtensibilityGlobals) = postSolution
		SolutionGuid = {E5C66D1E-5C28-4C48-B641-1F35DB6B9D44}
	EndGlobalSection
EndGlobal
